<?xml version="1.0" encoding="utf-8"?>

<Project ToolsVersion="4.0" xmlns="http://schemas.microsoft.com/developer/msbuild/2003">
  <ItemGroup>
    <Filter Include="opengl_spectrogram">
      <UniqueIdentifier>{EA071AD3-2AAF-F56B-6ABC-6BE07EB3BED3}</UniqueIdentifier>
    </Filter>
    <Filter Include="opengl_spectrogram\src">
      <UniqueIdentifier>{CEC2F2FD-F9AC-7D22-D21E-3376815AB616}</UniqueIdentifier>
    </Filter>
    <Filter Include="opengl_spectrogram\src\dependencies">
      <UniqueIdentifier>{9B36F456-63DB-F099-ED61-D90F5C4D761B}</UniqueIdentifier>
    </Filter>
    <Filter Include="opengl_spectrogram\src\dependencies\kiss_fft130">
      <UniqueIdentifier>{FF7DF14F-2403-AE37-665B-F1C3E459DCD6}</UniqueIdentifier>
    </Filter>
    <Filter Include="opengl_spectrogram\src\dependencies\kiss_fft130\tools">
      <UniqueIdentifier>{16EE5A39-3F63-ECD2-E544-3182818BFF95}</UniqueIdentifier>
    </Filter>
    <Filter Include="Juce Library Code">
      <UniqueIdentifier>{8B4D1BAA-6DB4-CAEC-A0FA-271F354D5C61}</UniqueIdentifier>
    </Filter>
  </ItemGroup>
  <ItemGroup>
    <ClCompile Include="..\..\src\audio_util.cpp">
      <Filter>opengl_spectrogram\src</Filter>
    </ClCompile>
    <ClCompile Include="..\..\src\dependencies\kiss_fft130\kiss_fft.c">
      <Filter>opengl_spectrogram\src\dependencies\kiss_fft130</Filter>
    </ClCompile>
    <ClCompile Include="..\..\src\dependencies\kiss_fft130\tools\kiss_fftr.c">
      <Filter>opengl_spectrogram\src\dependencies\kiss_fft130\tools</Filter>
    </ClCompile>
    <ClCompile Include="..\..\src\graph.cpp">
      <Filter>opengl_spectrogram\src</Filter>
    </ClCompile>
    <ClCompile Include="..\..\src\shader_utils.cpp">
      <Filter>opengl_spectrogram\src</Filter>
    </ClCompile>
    <ClCompile Include="..\..\JuceLibraryCode\BinaryData.cpp">
      <Filter>Juce Library Code</Filter>
    </ClCompile>
  </ItemGroup>
  <ItemGroup>
    <ClInclude Include="..\..\src\audio_util.h">
      <Filter>opengl_spectrogram\src</Filter>
    </ClInclude>
    <ClInclude Include="..\..\src\dependencies\kiss_fft130\_kiss_fft_guts.h">
      <Filter>opengl_spectrogram\src\dependencies\kiss_fft130</Filter>
    </ClInclude>
    <ClInclude Include="..\..\src\dependencies\kiss_fft130\kiss_fft.h">
      <Filter>opengl_spectrogram\src\dependencies\kiss_fft130</Filter>
    </ClInclude>
    <ClInclude Include="..\..\src\dependencies\kiss_fft130\kissfft.hh">
      <Filter>opengl_spectrogram\src\dependencies\kiss_fft130</Filter>
    </ClInclude>
    <ClInclude Include="..\..\src\dependencies\kiss_fft130\tools\kiss_fftr.h">
      <Filter>opengl_spectrogram\src\dependencies\kiss_fft130\tools</Filter>
    </ClInclude>
    <ClInclude Include="..\..\src\shader_utils.h">
      <Filter>opengl_spectrogram\src</Filter>
    </ClInclude>
    <ClInclude Include="..\..\JuceLibraryCode\AppConfig.h">
      <Filter>Juce Library Code</Filter>
    </ClInclude>
    <ClInclude Include="..\..\JuceLibraryCode\BinaryData.h">
      <Filter>Juce Library Code</Filter>
    </ClInclude>
    <ClInclude Include="..\..\JuceLibraryCode\JuceHeader.h">
      <Filter>Juce Library Code</Filter>
    </ClInclude>
  </ItemGroup>
  <ItemGroup>
    <None Include="..\..\src\graph.f.glsl">
      <Filter>opengl_spectrogram\src</Filter>
    </None>
    <None Include="..\..\src\graph.v.glsl">
      <Filter>opengl_spectrogram\src</Filter>
    </None>
  </ItemGroup>
  <ItemGroup>
    <ResourceCompile Include=".\resources.rc">
      <Filter>Juce Library Code</Filter>
    </ResourceCompile>
  </ItemGroup>
</Project>
